PODS:
  - AFNetworking (2.5.3):
    - AFNetworking/NSURLConnection (= 2.5.3)
    - AFNetworking/NSURLSession (= 2.5.3)
    - AFNetworking/Reachability (= 2.5.3)
    - AFNetworking/Security (= 2.5.3)
    - AFNetworking/Serialization (= 2.5.3)
    - AFNetworking/UIKit (= 2.5.3)
  - AFNetworking/NSURLConnection (2.5.3):
    - AFNetworking/Reachability
    - AFNetworking/Security
    - AFNetworking/Serialization
  - AFNetworking/NSURLSession (2.5.3):
    - AFNetworking/Reachability
    - AFNetworking/Security
    - AFNetworking/Serialization
  - AFNetworking/Reachability (2.5.3)
  - AFNetworking/Security (2.5.3)
  - AFNetworking/Serialization (2.5.3)
  - AFNetworking/UIKit (2.5.3):
    - AFNetworking/NSURLConnection
    - AFNetworking/NSURLSession
  - BoltsTask (1.1.0)
  - DLLog (1.0.1)
  - FDKeychain (1.0.1)
  - NXOAuth2Client (1.2.8)

DEPENDENCIES:
  - AFNetworking (~> 2.0)
  - BoltsTask (~> 1.1.0)
  - DLLog (~> 1.0.1)
  - FDKeychain (~> 1.0.0)
  - NXOAuth2Client (~> 1.2.8)

SPEC CHECKSUMS:
  AFNetworking: e1d86c2a96bb5d2e7408da36149806706ee122fe
  BoltsTask: 3e31d95331b2a13e1a1113c1cad4f2e24148b604
  DLLog: 19055bdfc5dd32a6c9feca45fe2ce938db25d5da
  FDKeychain: 153d311d5753a52f4ed4817574a466903730c1e7
  NXOAuth2Client: 98c4d4c594edd2b289cfc34a8928653e1dab7adf

COCOAPODS: 0.37.1
