// !$*UTF8*$!
{
	archiveVersion = 1;
	classes = {
	};
	objectVersion = 46;
	objects = {

/* Begin PBXBuildFile section */
		23CF6ADC88F72D7561B194AF /* libPods-lelylan-ios.a in Frameworks */ = {isa = PBXBuildFile; fileRef = CC4D1D760F9D5B13FE0F59AF /* libPods-lelylan-ios.a */; };
		BE3B0B6119F5B13A00A79C6C /* LLLDevice.m in Sources */ = {isa = PBXBuildFile; fileRef = BE3B0B6019F5B13A00A79C6C /* LLLDevice.m */; };
		BE3B0B6419F5B14A00A79C6C /* LLLDevicesManager.m in Sources */ = {isa = PBXBuildFile; fileRef = BE3B0B6319F5B14A00A79C6C /* LLLDevicesManager.m */; };
		BE3B0B6619F5BCA100A79C6C /* LLLDevicesManagerTests.m in Sources */ = {isa = PBXBuildFile; fileRef = BE3B0B6519F5BCA100A79C6C /* LLLDevicesManagerTests.m */; };
		BE5677C319F2A255003F8EE5 /* main.m in Sources */ = {isa = PBXBuildFile; fileRef = BE5677C219F2A255003F8EE5 /* main.m */; };
		BE5677C619F2A255003F8EE5 /* AppDelegate.m in Sources */ = {isa = PBXBuildFile; fileRef = BE5677C519F2A255003F8EE5 /* AppDelegate.m */; };
		BE5677C919F2A255003F8EE5 /* ViewController.m in Sources */ = {isa = PBXBuildFile; fileRef = BE5677C819F2A255003F8EE5 /* ViewController.m */; };
		BE5677CC19F2A255003F8EE5 /* Main.storyboard in Resources */ = {isa = PBXBuildFile; fileRef = BE5677CA19F2A255003F8EE5 /* Main.storyboard */; };
		BE5677CE19F2A255003F8EE5 /* Images.xcassets in Resources */ = {isa = PBXBuildFile; fileRef = BE5677CD19F2A255003F8EE5 /* Images.xcassets */; };
		BE5677D119F2A255003F8EE5 /* LaunchScreen.xib in Resources */ = {isa = PBXBuildFile; fileRef = BE5677CF19F2A255003F8EE5 /* LaunchScreen.xib */; };
		BE5677EA19F2A49D003F8EE5 /* LLLOauthManager.m in Sources */ = {isa = PBXBuildFile; fileRef = BE5677E919F2A49D003F8EE5 /* LLLOauthManager.m */; };
		BE5677EC19F2B8B3003F8EE5 /* LLLOAuthTests.m in Sources */ = {isa = PBXBuildFile; fileRef = BE5677EB19F2B8B3003F8EE5 /* LLLOAuthTests.m */; };
		BE9875CD1A44D3AC0052F6EB /* LLLDevicesManager+Bolts.m in Sources */ = {isa = PBXBuildFile; fileRef = BE9875CC1A44D3AC0052F6EB /* LLLDevicesManager+Bolts.m */; };
/* End PBXBuildFile section */

/* Begin PBXContainerItemProxy section */
		BE5677D719F2A255003F8EE5 /* PBXContainerItemProxy */ = {
			isa = PBXContainerItemProxy;
			containerPortal = BE5677B519F2A255003F8EE5 /* Project object */;
			proxyType = 1;
			remoteGlobalIDString = BE5677BC19F2A255003F8EE5;
			remoteInfo = "lelylan-ios";
		};
/* End PBXContainerItemProxy section */

/* Begin PBXFileReference section */
		5394AECAF3B08B3A84AC1EF2 /* Pods-lelylan-ios.release.xcconfig */ = {isa = PBXFileReference; includeInIndex = 1; lastKnownFileType = text.xcconfig; name = "Pods-lelylan-ios.release.xcconfig"; path = "Pods/Target Support Files/Pods-lelylan-ios/Pods-lelylan-ios.release.xcconfig"; sourceTree = "<group>"; };
		BE3B0B5F19F5B13A00A79C6C /* LLLDevice.h */ = {isa = PBXFileReference; fileEncoding = 4; lastKnownFileType = sourcecode.c.h; path = LLLDevice.h; sourceTree = "<group>"; };
		BE3B0B6019F5B13A00A79C6C /* LLLDevice.m */ = {isa = PBXFileReference; fileEncoding = 4; lastKnownFileType = sourcecode.c.objc; path = LLLDevice.m; sourceTree = "<group>"; };
		BE3B0B6219F5B14A00A79C6C /* LLLDevicesManager.h */ = {isa = PBXFileReference; fileEncoding = 4; lastKnownFileType = sourcecode.c.h; name = LLLDevicesManager.h; path = LelylanLibrary/DevicesAPI/LLLDevicesManager.h; sourceTree = "<group>"; };
		BE3B0B6319F5B14A00A79C6C /* LLLDevicesManager.m */ = {isa = PBXFileReference; fileEncoding = 4; lastKnownFileType = sourcecode.c.objc; name = LLLDevicesManager.m; path = LelylanLibrary/DevicesAPI/LLLDevicesManager.m; sourceTree = "<group>"; };
		BE3B0B6519F5BCA100A79C6C /* LLLDevicesManagerTests.m */ = {isa = PBXFileReference; fileEncoding = 4; lastKnownFileType = sourcecode.c.objc; path = LLLDevicesManagerTests.m; sourceTree = "<group>"; };
		BE5677BD19F2A255003F8EE5 /* lelylan-ios.app */ = {isa = PBXFileReference; explicitFileType = wrapper.application; includeInIndex = 0; path = "lelylan-ios.app"; sourceTree = BUILT_PRODUCTS_DIR; };
		BE5677C119F2A255003F8EE5 /* Info.plist */ = {isa = PBXFileReference; lastKnownFileType = text.plist.xml; path = Info.plist; sourceTree = "<group>"; };
		BE5677C219F2A255003F8EE5 /* main.m */ = {isa = PBXFileReference; lastKnownFileType = sourcecode.c.objc; path = main.m; sourceTree = "<group>"; };
		BE5677C419F2A255003F8EE5 /* AppDelegate.h */ = {isa = PBXFileReference; lastKnownFileType = sourcecode.c.h; path = AppDelegate.h; sourceTree = "<group>"; };
		BE5677C519F2A255003F8EE5 /* AppDelegate.m */ = {isa = PBXFileReference; lastKnownFileType = sourcecode.c.objc; path = AppDelegate.m; sourceTree = "<group>"; };
		BE5677C719F2A255003F8EE5 /* ViewController.h */ = {isa = PBXFileReference; lastKnownFileType = sourcecode.c.h; path = ViewController.h; sourceTree = "<group>"; };
		BE5677C819F2A255003F8EE5 /* ViewController.m */ = {isa = PBXFileReference; lastKnownFileType = sourcecode.c.objc; path = ViewController.m; sourceTree = "<group>"; };
		BE5677CB19F2A255003F8EE5 /* Base */ = {isa = PBXFileReference; lastKnownFileType = file.storyboard; name = Base; path = Base.lproj/Main.storyboard; sourceTree = "<group>"; };
		BE5677CD19F2A255003F8EE5 /* Images.xcassets */ = {isa = PBXFileReference; lastKnownFileType = folder.assetcatalog; path = Images.xcassets; sourceTree = "<group>"; };
		BE5677D019F2A255003F8EE5 /* Base */ = {isa = PBXFileReference; lastKnownFileType = file.xib; name = Base; path = Base.lproj/LaunchScreen.xib; sourceTree = "<group>"; };
		BE5677D619F2A255003F8EE5 /* lelylan-iosTests.xctest */ = {isa = PBXFileReference; explicitFileType = wrapper.cfbundle; includeInIndex = 0; path = "lelylan-iosTests.xctest"; sourceTree = BUILT_PRODUCTS_DIR; };
		BE5677DB19F2A255003F8EE5 /* Info.plist */ = {isa = PBXFileReference; lastKnownFileType = text.plist.xml; path = Info.plist; sourceTree = "<group>"; };
		BE5677E819F2A49D003F8EE5 /* LLLOauthManager.h */ = {isa = PBXFileReference; fileEncoding = 4; lastKnownFileType = sourcecode.c.h; name = LLLOauthManager.h; path = LelylanLibrary/OAuth/LLLOauthManager.h; sourceTree = "<group>"; };
		BE5677E919F2A49D003F8EE5 /* LLLOauthManager.m */ = {isa = PBXFileReference; fileEncoding = 4; lastKnownFileType = sourcecode.c.objc; name = LLLOauthManager.m; path = LelylanLibrary/OAuth/LLLOauthManager.m; sourceTree = "<group>"; };
		BE5677EB19F2B8B3003F8EE5 /* LLLOAuthTests.m */ = {isa = PBXFileReference; fileEncoding = 4; lastKnownFileType = sourcecode.c.objc; path = LLLOAuthTests.m; sourceTree = "<group>"; };
		BE9875CB1A44D3AC0052F6EB /* LLLDevicesManager+Bolts.h */ = {isa = PBXFileReference; fileEncoding = 4; lastKnownFileType = sourcecode.c.h; name = "LLLDevicesManager+Bolts.h"; path = "LelylanLibrary/DevicesAPI/LLLDevicesManager+Bolts.h"; sourceTree = "<group>"; };
		BE9875CC1A44D3AC0052F6EB /* LLLDevicesManager+Bolts.m */ = {isa = PBXFileReference; fileEncoding = 4; lastKnownFileType = sourcecode.c.objc; name = "LLLDevicesManager+Bolts.m"; path = "LelylanLibrary/DevicesAPI/LLLDevicesManager+Bolts.m"; sourceTree = "<group>"; };
		CC4D1D760F9D5B13FE0F59AF /* libPods-lelylan-ios.a */ = {isa = PBXFileReference; explicitFileType = archive.ar; includeInIndex = 0; path = "libPods-lelylan-ios.a"; sourceTree = BUILT_PRODUCTS_DIR; };
		F0D45EF2B4076974DCB2BDBD /* Pods-lelylan-ios.debug.xcconfig */ = {isa = PBXFileReference; includeInIndex = 1; lastKnownFileType = text.xcconfig; name = "Pods-lelylan-ios.debug.xcconfig"; path = "Pods/Target Support Files/Pods-lelylan-ios/Pods-lelylan-ios.debug.xcconfig"; sourceTree = "<group>"; };
/* End PBXFileReference section */

/* Begin PBXFrameworksBuildPhase section */
		BE5677BA19F2A255003F8EE5 /* Frameworks */ = {
			isa = PBXFrameworksBuildPhase;
			buildActionMask = 2147483647;
			files = (
				23CF6ADC88F72D7561B194AF /* libPods-lelylan-ios.a in Frameworks */,
			);
			runOnlyForDeploymentPostprocessing = 0;
		};
		BE5677D319F2A255003F8EE5 /* Frameworks */ = {
			isa = PBXFrameworksBuildPhase;
			buildActionMask = 2147483647;
			files = (
			);
			runOnlyForDeploymentPostprocessing = 0;
		};
/* End PBXFrameworksBuildPhase section */

/* Begin PBXGroup section */
		4591D5CCF812057C13248FA6 /* Frameworks */ = {
			isa = PBXGroup;
			children = (
				CC4D1D760F9D5B13FE0F59AF /* libPods-lelylan-ios.a */,
			);
			name = Frameworks;
			sourceTree = "<group>";
		};
		5BD667D890BF1FEF28B1E861 /* Pods */ = {
			isa = PBXGroup;
			children = (
				F0D45EF2B4076974DCB2BDBD /* Pods-lelylan-ios.debug.xcconfig */,
				5394AECAF3B08B3A84AC1EF2 /* Pods-lelylan-ios.release.xcconfig */,
			);
			name = Pods;
			sourceTree = "<group>";
		};
		BE3B0B5E19F5B10800A79C6C /* Devices API */ = {
			isa = PBXGroup;
			children = (
				BE3B0B5F19F5B13A00A79C6C /* LLLDevice.h */,
				BE3B0B6019F5B13A00A79C6C /* LLLDevice.m */,
				BE3B0B6219F5B14A00A79C6C /* LLLDevicesManager.h */,
				BE3B0B6319F5B14A00A79C6C /* LLLDevicesManager.m */,
				BE9875CB1A44D3AC0052F6EB /* LLLDevicesManager+Bolts.h */,
				BE9875CC1A44D3AC0052F6EB /* LLLDevicesManager+Bolts.m */,
			);
			name = "Devices API";
			sourceTree = "<group>";
		};
		BE5677B419F2A255003F8EE5 = {
			isa = PBXGroup;
			children = (
				BE5677BF19F2A255003F8EE5 /* lelylan-ios */,
				BE5677D919F2A255003F8EE5 /* lelylan-iosTests */,
				BE5677BE19F2A255003F8EE5 /* Products */,
				5BD667D890BF1FEF28B1E861 /* Pods */,
				4591D5CCF812057C13248FA6 /* Frameworks */,
			);
			sourceTree = "<group>";
		};
		BE5677BE19F2A255003F8EE5 /* Products */ = {
			isa = PBXGroup;
			children = (
				BE5677BD19F2A255003F8EE5 /* lelylan-ios.app */,
				BE5677D619F2A255003F8EE5 /* lelylan-iosTests.xctest */,
			);
			name = Products;
			sourceTree = "<group>";
		};
		BE5677BF19F2A255003F8EE5 /* lelylan-ios */ = {
			isa = PBXGroup;
			children = (
				BE5677E619F2A423003F8EE5 /* Lelylan Library */,
				BE5677C419F2A255003F8EE5 /* AppDelegate.h */,
				BE5677C519F2A255003F8EE5 /* AppDelegate.m */,
				BE5677C719F2A255003F8EE5 /* ViewController.h */,
				BE5677C819F2A255003F8EE5 /* ViewController.m */,
				BE5677CA19F2A255003F8EE5 /* Main.storyboard */,
				BE5677CD19F2A255003F8EE5 /* Images.xcassets */,
				BE5677CF19F2A255003F8EE5 /* LaunchScreen.xib */,
				BE5677C019F2A255003F8EE5 /* Supporting Files */,
			);
			path = "lelylan-ios";
			sourceTree = "<group>";
		};
		BE5677C019F2A255003F8EE5 /* Supporting Files */ = {
			isa = PBXGroup;
			children = (
				BE5677C119F2A255003F8EE5 /* Info.plist */,
				BE5677C219F2A255003F8EE5 /* main.m */,
			);
			name = "Supporting Files";
			sourceTree = "<group>";
		};
		BE5677D919F2A255003F8EE5 /* lelylan-iosTests */ = {
			isa = PBXGroup;
			children = (
				BE5677DA19F2A255003F8EE5 /* Supporting Files */,
				BE5677EB19F2B8B3003F8EE5 /* LLLOAuthTests.m */,
				BE3B0B6519F5BCA100A79C6C /* LLLDevicesManagerTests.m */,
			);
			path = "lelylan-iosTests";
			sourceTree = "<group>";
		};
		BE5677DA19F2A255003F8EE5 /* Supporting Files */ = {
			isa = PBXGroup;
			children = (
				BE5677DB19F2A255003F8EE5 /* Info.plist */,
			);
			name = "Supporting Files";
			sourceTree = "<group>";
		};
		BE5677E619F2A423003F8EE5 /* Lelylan Library */ = {
			isa = PBXGroup;
			children = (
				BE3B0B5E19F5B10800A79C6C /* Devices API */,
				BE5677E719F2A448003F8EE5 /* OAuth */,
			);
			name = "Lelylan Library";
			sourceTree = "<group>";
		};
		BE5677E719F2A448003F8EE5 /* OAuth */ = {
			isa = PBXGroup;
			children = (
				BE5677E819F2A49D003F8EE5 /* LLLOauthManager.h */,
				BE5677E919F2A49D003F8EE5 /* LLLOauthManager.m */,
			);
			name = OAuth;
			sourceTree = "<group>";
		};
/* End PBXGroup section */

/* Begin PBXNativeTarget section */
		BE5677BC19F2A255003F8EE5 /* lelylan-ios */ = {
			isa = PBXNativeTarget;
			buildConfigurationList = BE5677E019F2A256003F8EE5 /* Build configuration list for PBXNativeTarget "lelylan-ios" */;
			buildPhases = (
				31AA436509E5AF21CFACBF75 /* Check Pods Manifest.lock */,
				BE5677B919F2A255003F8EE5 /* Sources */,
				BE5677BA19F2A255003F8EE5 /* Frameworks */,
				BE5677BB19F2A255003F8EE5 /* Resources */,
				45F43FCC930D6ADF2343D358 /* Copy Pods Resources */,
			);
			buildRules = (
			);
			dependencies = (
			);
			name = "lelylan-ios";
			productName = "lelylan-ios";
			productReference = BE5677BD19F2A255003F8EE5 /* lelylan-ios.app */;
			productType = "com.apple.product-type.application";
		};
		BE5677D519F2A255003F8EE5 /* lelylan-iosTests */ = {
			isa = PBXNativeTarget;
			buildConfigurationList = BE5677E319F2A256003F8EE5 /* Build configuration list for PBXNativeTarget "lelylan-iosTests" */;
			buildPhases = (
				BE5677D219F2A255003F8EE5 /* Sources */,
				BE5677D319F2A255003F8EE5 /* Frameworks */,
				BE5677D419F2A255003F8EE5 /* Resources */,
			);
			buildRules = (
			);
			dependencies = (
				BE5677D819F2A255003F8EE5 /* PBXTargetDependency */,
			);
			name = "lelylan-iosTests";
			productName = "lelylan-iosTests";
			productReference = BE5677D619F2A255003F8EE5 /* lelylan-iosTests.xctest */;
			productType = "com.apple.product-type.bundle.unit-test";
		};
/* End PBXNativeTarget section */

/* Begin PBXProject section */
		BE5677B519F2A255003F8EE5 /* Project object */ = {
			isa = PBXProject;
			attributes = {
				CLASSPREFIX = LLL;
				LastUpgradeCheck = 0600;
				ORGANIZATIONNAME = "Alessio Roberto";
				TargetAttributes = {
					BE5677BC19F2A255003F8EE5 = {
						CreatedOnToolsVersion = 6.0.1;
					};
					BE5677D519F2A255003F8EE5 = {
						CreatedOnToolsVersion = 6.0.1;
						TestTargetID = BE5677BC19F2A255003F8EE5;
					};
				};
			};
			buildConfigurationList = BE5677B819F2A255003F8EE5 /* Build configuration list for PBXProject "lelylan-ios" */;
			compatibilityVersion = "Xcode 3.2";
			developmentRegion = English;
			hasScannedForEncodings = 0;
			knownRegions = (
				en,
				Base,
			);
			mainGroup = BE5677B419F2A255003F8EE5;
			productRefGroup = BE5677BE19F2A255003F8EE5 /* Products */;
			projectDirPath = "";
			projectRoot = "";
			targets = (
				BE5677BC19F2A255003F8EE5 /* lelylan-ios */,
				BE5677D519F2A255003F8EE5 /* lelylan-iosTests */,
			);
		};
/* End PBXProject section */

/* Begin PBXResourcesBuildPhase section */
		BE5677BB19F2A255003F8EE5 /* Resources */ = {
			isa = PBXResourcesBuildPhase;
			buildActionMask = 2147483647;
			files = (
				BE5677CC19F2A255003F8EE5 /* Main.storyboard in Resources */,
				BE5677D119F2A255003F8EE5 /* LaunchScreen.xib in Resources */,
				BE5677CE19F2A255003F8EE5 /* Images.xcassets in Resources */,
			);
			runOnlyForDeploymentPostprocessing = 0;
		};
		BE5677D419F2A255003F8EE5 /* Resources */ = {
			isa = PBXResourcesBuildPhase;
			buildActionMask = 2147483647;
			files = (
			);
			runOnlyForDeploymentPostprocessing = 0;
		};
/* End PBXResourcesBuildPhase section */

/* Begin PBXShellScriptBuildPhase section */
		31AA436509E5AF21CFACBF75 /* Check Pods Manifest.lock */ = {
			isa = PBXShellScriptBuildPhase;
			buildActionMask = 2147483647;
			files = (
			);
			inputPaths = (
			);
			name = "Check Pods Manifest.lock";
			outputPaths = (
			);
			runOnlyForDeploymentPostprocessing = 0;
			shellPath = /bin/sh;
			shellScript = "diff \"${PODS_ROOT}/../Podfile.lock\" \"${PODS_ROOT}/Manifest.lock\" > /dev/null\nif [[ $? != 0 ]] ; then\n    cat << EOM\nerror: The sandbox is not in sync with the Podfile.lock. Run 'pod install' or update your CocoaPods installation.\nEOM\n    exit 1\nfi\n";
			showEnvVarsInLog = 0;
		};
		45F43FCC930D6ADF2343D358 /* Copy Pods Resources */ = {
			isa = PBXShellScriptBuildPhase;
			buildActionMask = 2147483647;
			files = (
			);
			inputPaths = (
			);
			name = "Copy Pods Resources";
			outputPaths = (
			);
			runOnlyForDeploymentPostprocessing = 0;
			shellPath = /bin/sh;
			shellScript = "\"${SRCROOT}/Pods/Target Support Files/Pods-lelylan-ios/Pods-lelylan-ios-resources.sh\"\n";
			showEnvVarsInLog = 0;
		};
/* End PBXShellScriptBuildPhase section */

/* Begin PBXSourcesBuildPhase section */
		BE5677B919F2A255003F8EE5 /* Sources */ = {
			isa = PBXSourcesBuildPhase;
			buildActionMask = 2147483647;
			files = (
				BE5677EA19F2A49D003F8EE5 /* LLLOauthManager.m in Sources */,
				BE3B0B6119F5B13A00A79C6C /* LLLDevice.m in Sources */,
				BE5677C919F2A255003F8EE5 /* ViewController.m in Sources */,
				BE5677C619F2A255003F8EE5 /* AppDelegate.m in Sources */,
				BE3B0B6419F5B14A00A79C6C /* LLLDevicesManager.m in Sources */,
				BE9875CD1A44D3AC0052F6EB /* LLLDevicesManager+Bolts.m in Sources */,
				BE5677C319F2A255003F8EE5 /* main.m in Sources */,
			);
			runOnlyForDeploymentPostprocessing = 0;
		};
		BE5677D219F2A255003F8EE5 /* Sources */ = {
			isa = PBXSourcesBuildPhase;
			buildActionMask = 2147483647;
			files = (
				BE3B0B6619F5BCA100A79C6C /* LLLDevicesManagerTests.m in Sources */,
				BE5677EC19F2B8B3003F8EE5 /* LLLOAuthTests.m in Sources */,
			);
			runOnlyForDeploymentPostprocessing = 0;
		};
/* End PBXSourcesBuildPhase section */

/* Begin PBXTargetDependency section */
		BE5677D819F2A255003F8EE5 /* PBXTargetDependency */ = {
			isa = PBXTargetDependency;
			target = BE5677BC19F2A255003F8EE5 /* lelylan-ios */;
			targetProxy = BE5677D719F2A255003F8EE5 /* PBXContainerItemProxy */;
		};
/* End PBXTargetDependency section */

/* Begin PBXVariantGroup section */
		BE5677CA19F2A255003F8EE5 /* Main.storyboard */ = {
			isa = PBXVariantGroup;
			children = (
				BE5677CB19F2A255003F8EE5 /* Base */,
			);
			name = Main.storyboard;
			sourceTree = "<group>";
		};
		BE5677CF19F2A255003F8EE5 /* LaunchScreen.xib */ = {
			isa = PBXVariantGroup;
			children = (
				BE5677D019F2A255003F8EE5 /* Base */,
			);
			name = LaunchScreen.xib;
			sourceTree = "<group>";
		};
/* End PBXVariantGroup section */

/* Begin XCBuildConfiguration section */
		BE5677DE19F2A256003F8EE5 /* Debug */ = {
			isa = XCBuildConfiguration;
			buildSettings = {
				ALWAYS_SEARCH_USER_PATHS = NO;
				CLANG_CXX_LANGUAGE_STANDARD = "gnu++0x";
				CLANG_CXX_LIBRARY = "libc++";
				CLANG_ENABLE_MODULES = YES;
				CLANG_ENABLE_OBJC_ARC = YES;
				CLANG_WARN_BOOL_CONVERSION = YES;
				CLANG_WARN_CONSTANT_CONVERSION = YES;
				CLANG_WARN_DIRECT_OBJC_ISA_USAGE = YES_ERROR;
				CLANG_WARN_EMPTY_BODY = YES;
				CLANG_WARN_ENUM_CONVERSION = YES;
				CLANG_WARN_INT_CONVERSION = YES;
				CLANG_WARN_OBJC_ROOT_CLASS = YES_ERROR;
				CLANG_WARN_UNREACHABLE_CODE = YES;
				CLANG_WARN__DUPLICATE_METHOD_MATCH = YES;
				"CODE_SIGN_IDENTITY[sdk=iphoneos*]" = "iPhone Developer";
				COPY_PHASE_STRIP = NO;
				ENABLE_STRICT_OBJC_MSGSEND = YES;
				GCC_C_LANGUAGE_STANDARD = gnu99;
				GCC_DYNAMIC_NO_PIC = NO;
				GCC_OPTIMIZATION_LEVEL = 0;
				GCC_PREPROCESSOR_DEFINITIONS = (
					"DEBUG=1",
					"$(inherited)",
				);
				GCC_SYMBOLS_PRIVATE_EXTERN = NO;
				GCC_WARN_64_TO_32_BIT_CONVERSION = YES;
				GCC_WARN_ABOUT_RETURN_TYPE = YES_ERROR;
				GCC_WARN_UNDECLARED_SELECTOR = YES;
				GCC_WARN_UNINITIALIZED_AUTOS = YES_AGGRESSIVE;
				GCC_WARN_UNUSED_FUNCTION = YES;
				GCC_WARN_UNUSED_VARIABLE = YES;
				IPHONEOS_DEPLOYMENT_TARGET = 8.0;
				MTL_ENABLE_DEBUG_INFO = YES;
				ONLY_ACTIVE_ARCH = YES;
				SDKROOT = iphoneos;
				TARGETED_DEVICE_FAMILY = "1,2";
			};
			name = Debug;
		};
		BE5677DF19F2A256003F8EE5 /* Release */ = {
			isa = XCBuildConfiguration;
			buildSettings = {
				ALWAYS_SEARCH_USER_PATHS = NO;
				CLANG_CXX_LANGUAGE_STANDARD = "gnu++0x";
				CLANG_CXX_LIBRARY = "libc++";
				CLANG_ENABLE_MODULES = YES;
				CLANG_ENABLE_OBJC_ARC = YES;
				CLANG_WARN_BOOL_CONVERSION = YES;
				CLANG_WARN_CONSTANT_CONVERSION = YES;
				CLANG_WARN_DIRECT_OBJC_ISA_USAGE = YES_ERROR;
				CLANG_WARN_EMPTY_BODY = YES;
				CLANG_WARN_ENUM_CONVERSION = YES;
				CLANG_WARN_INT_CONVERSION = YES;
				CLANG_WARN_OBJC_ROOT_CLASS = YES_ERROR;
				CLANG_WARN_UNREACHABLE_CODE = YES;
				CLANG_WARN__DUPLICATE_METHOD_MATCH = YES;
				"CODE_SIGN_IDENTITY[sdk=iphoneos*]" = "iPhone Developer";
				COPY_PHASE_STRIP = YES;
				ENABLE_NS_ASSERTIONS = NO;
				ENABLE_STRICT_OBJC_MSGSEND = YES;
				GCC_C_LANGUAGE_STANDARD = gnu99;
				GCC_WARN_64_TO_32_BIT_CONVERSION = YES;
				GCC_WARN_ABOUT_RETURN_TYPE = YES_ERROR;
				GCC_WARN_UNDECLARED_SELECTOR = YES;
				GCC_WARN_UNINITIALIZED_AUTOS = YES_AGGRESSIVE;
				GCC_WARN_UNUSED_FUNCTION = YES;
				GCC_WARN_UNUSED_VARIABLE = YES;
				IPHONEOS_DEPLOYMENT_TARGET = 8.0;
				MTL_ENABLE_DEBUG_INFO = NO;
				SDKROOT = iphoneos;
				TARGETED_DEVICE_FAMILY = "1,2";
				VALIDATE_PRODUCT = YES;
			};
			name = Release;
		};
		BE5677E119F2A256003F8EE5 /* Debug */ = {
			isa = XCBuildConfiguration;
			baseConfigurationReference = F0D45EF2B4076974DCB2BDBD /* Pods-lelylan-ios.debug.xcconfig */;
			buildSettings = {
				ASSETCATALOG_COMPILER_APPICON_NAME = AppIcon;
				INFOPLIST_FILE = "lelylan-ios/Info.plist";
				LD_RUNPATH_SEARCH_PATHS = "$(inherited) @executable_path/Frameworks";
				PRODUCT_NAME = "$(TARGET_NAME)";
			};
			name = Debug;
		};
		BE5677E219F2A256003F8EE5 /* Release */ = {
			isa = XCBuildConfiguration;
			baseConfigurationReference = 5394AECAF3B08B3A84AC1EF2 /* Pods-lelylan-ios.release.xcconfig */;
			buildSettings = {
				ASSETCATALOG_COMPILER_APPICON_NAME = AppIcon;
				INFOPLIST_FILE = "lelylan-ios/Info.plist";
				LD_RUNPATH_SEARCH_PATHS = "$(inherited) @executable_path/Frameworks";
				PRODUCT_NAME = "$(TARGET_NAME)";
			};
			name = Release;
		};
		BE5677E419F2A256003F8EE5 /* Debug */ = {
			isa = XCBuildConfiguration;
			buildSettings = {
				BUNDLE_LOADER = "$(TEST_HOST)";
				FRAMEWORK_SEARCH_PATHS = (
					"$(SDKROOT)/Developer/Library/Frameworks",
					"$(inherited)",
				);
				GCC_PREPROCESSOR_DEFINITIONS = (
					"DEBUG=1",
					"$(inherited)",
				);
				INFOPLIST_FILE = "lelylan-iosTests/Info.plist";
				LD_RUNPATH_SEARCH_PATHS = "$(inherited) @executable_path/Frameworks @loader_path/Frameworks";
				PRODUCT_NAME = "$(TARGET_NAME)";
				TEST_HOST = "$(BUILT_PRODUCTS_DIR)/lelylan-ios.app/lelylan-ios";
			};
			name = Debug;
		};
		BE5677E519F2A256003F8EE5 /* Release */ = {
			isa = XCBuildConfiguration;
			buildSettings = {
				BUNDLE_LOADER = "$(TEST_HOST)";
				FRAMEWORK_SEARCH_PATHS = (
					"$(SDKROOT)/Developer/Library/Frameworks",
					"$(inherited)",
				);
				INFOPLIST_FILE = "lelylan-iosTests/Info.plist";
				LD_RUNPATH_SEARCH_PATHS = "$(inherited) @executable_path/Frameworks @loader_path/Frameworks";
				PRODUCT_NAME = "$(TARGET_NAME)";
				TEST_HOST = "$(BUILT_PRODUCTS_DIR)/lelylan-ios.app/lelylan-ios";
			};
			name = Release;
		};
/* End XCBuildConfiguration section */

/* Begin XCConfigurationList section */
		BE5677B819F2A255003F8EE5 /* Build configuration list for PBXProject "lelylan-ios" */ = {
			isa = XCConfigurationList;
			buildConfigurations = (
				BE5677DE19F2A256003F8EE5 /* Debug */,
				BE5677DF19F2A256003F8EE5 /* Release */,
			);
			defaultConfigurationIsVisible = 0;
			defaultConfigurationName = Release;
		};
		BE5677E019F2A256003F8EE5 /* Build configuration list for PBXNativeTarget "lelylan-ios" */ = {
			isa = XCConfigurationList;
			buildConfigurations = (
				BE5677E119F2A256003F8EE5 /* Debug */,
				BE5677E219F2A256003F8EE5 /* Release */,
			);
			defaultConfigurationIsVisible = 0;
			defaultConfigurationName = Release;
		};
		BE5677E319F2A256003F8EE5 /* Build configuration list for PBXNativeTarget "lelylan-iosTests" */ = {
			isa = XCConfigurationList;
			buildConfigurations = (
				BE5677E419F2A256003F8EE5 /* Debug */,
				BE5677E519F2A256003F8EE5 /* Release */,
			);
			defaultConfigurationIsVisible = 0;
			defaultConfigurationName = Release;
		};
/* End XCConfigurationList section */
	};
	rootObject = BE5677B519F2A255003F8EE5 /* Project object */;
}
